{
    "_readme": [
        "This file locks the dependencies of your project to a known state",
        "Read more about it at http://getcomposer.org/doc/01-basic-usage.md#composer-lock-the-lock-file"
    ],
    "hash": "9fdd59557ab0f78e3ef20e0ce63996bd",
    "packages": [
        {
            "name": "aptoma/twig-markdown",
            "version": "0.2.1",
            "source": {
                "type": "git",
                "url": "https://github.com/aptoma/twig-markdown.git",
                "reference": "2c0972ecdaf5c94a0dec01b7c9af7919f2c6498d"
            },
            "dist": {
                "type": "zip",
                "url": "https://api.github.com/repos/aptoma/twig-markdown/zipball/2c0972ecdaf5c94a0dec01b7c9af7919f2c6498d",
                "reference": "2c0972ecdaf5c94a0dec01b7c9af7919f2c6498d",
                "shasum": ""
            },
            "require": {
                "twig/twig": "~1"
            },
            "require-dev": {
                "dflydev/markdown": "~1",
                "michelf/php-markdown": "~1"
            },
            "suggest": {
                "dflydev/markdown": "Markdown engine based on the simple michelf/php-markdown engine.",
                "michelf/php-markdown": "Original Markdown engine with MarkdownExtra."
            },
            "type": "library",
            "autoload": {
                "psr-0": {
                    "Aptoma": "src/"
                }
            },
            "notification-url": "https://packagist.org/downloads/",
            "license": [
                "MIT"
            ],
            "authors": [
                {
                    "name": "Gunnar Lium",
                    "email": "gunnar@aptoma.com",
                    "homepage": "https://github.com/gunnarlium",
                    "role": "Developer"
                },
                {
                    "name": "Joris Berthelot",
                    "email": "joris@berthelot.tel"
                }
            ],
            "description": "Twig extension to work with Markdown content",
            "keywords": [
                "markdown",
                "twig"
            ],
            "time": "2013-09-26 15:14:08"
        },
        {
            "name": "doctrine/annotations",
            "version": "dev-master",
            "source": {
                "type": "git",
                "url": "https://github.com/doctrine/annotations.git",
                "reference": "316b956b70c0ceab28ba0817fc3343624aa83b56"
            },
            "dist": {
                "type": "zip",
                "url": "https://api.github.com/repos/doctrine/annotations/zipball/316b956b70c0ceab28ba0817fc3343624aa83b56",
                "reference": "316b956b70c0ceab28ba0817fc3343624aa83b56",
                "shasum": ""
            },
            "require": {
                "doctrine/lexer": "1.*",
                "php": ">=5.3.2"
            },
            "require-dev": {
                "doctrine/cache": "1.*"
            },
            "type": "library",
            "extra": {
                "branch-alias": {
                    "dev-master": "1.2.x-dev"
                }
            },
            "autoload": {
                "psr-0": {
                    "Doctrine\\Common\\Annotations\\": "lib/"
                }
            },
            "notification-url": "https://packagist.org/downloads/",
            "license": [
                "MIT"
            ],
            "authors": [
                {
                    "name": "Jonathan Wage",
                    "email": "jonwage@gmail.com",
                    "homepage": "http://www.jwage.com/",
                    "role": "Creator"
                },
                {
                    "name": "Guilherme Blanco",
                    "email": "guilhermeblanco@gmail.com",
                    "homepage": "http://www.instaclick.com"
                },
                {
                    "name": "Roman Borschel",
                    "email": "roman@code-factory.org"
                },
                {
                    "name": "Benjamin Eberlei",
                    "email": "kontakt@beberlei.de"
                },
                {
                    "name": "Johannes Schmitt",
                    "email": "schmittjoh@gmail.com",
                    "homepage": "http://jmsyst.com",
                    "role": "Developer of wrapped JMSSerializerBundle"
                }
            ],
            "description": "Docblock Annotations Parser",
            "homepage": "http://www.doctrine-project.org",
            "keywords": [
                "annotations",
                "docblock",
                "parser"
            ],
            "time": "2014-03-03 13:00:20"
        },
        {
            "name": "doctrine/lexer",
            "version": "dev-master",
            "source": {
                "type": "git",
                "url": "https://github.com/doctrine/lexer.git",
                "reference": "f12a5f74e5f4a9e3f558f3288504e121edfad891"
            },
            "dist": {
                "type": "zip",
                "url": "https://api.github.com/repos/doctrine/lexer/zipball/f12a5f74e5f4a9e3f558f3288504e121edfad891",
                "reference": "f12a5f74e5f4a9e3f558f3288504e121edfad891",
                "shasum": ""
            },
            "require": {
                "php": ">=5.3.2"
            },
            "type": "library",
            "extra": {
                "branch-alias": {
                    "dev-master": "1.0.x-dev"
                }
            },
            "autoload": {
                "psr-0": {
                    "Doctrine\\Common\\Lexer\\": "lib/"
                }
            },
            "notification-url": "https://packagist.org/downloads/",
            "license": [
                "MIT"
            ],
            "authors": [
                {
                    "name": "Guilherme Blanco",
                    "email": "guilhermeblanco@gmail.com",
                    "homepage": "http://www.instaclick.com"
                },
                {
                    "name": "Roman Borschel",
                    "email": "roman@code-factory.org"
                },
                {
                    "name": "Johannes Schmitt",
                    "email": "schmittjoh@gmail.com",
                    "homepage": "http://jmsyst.com",
                    "role": "Developer of wrapped JMSSerializerBundle"
                }
            ],
            "description": "Base library for a lexer that can be used in Top-Down, Recursive Descent Parsers.",
            "homepage": "http://www.doctrine-project.org",
            "keywords": [
                "lexer",
                "parser"
            ],
            "time": "2013-12-20 21:39:00"
        },
        {
            "name": "illuminate/container",
            "version": "4.1.x-dev",
            "target-dir": "Illuminate/Container",
            "source": {
                "type": "git",
                "url": "https://github.com/illuminate/container.git",
                "reference": "2e2e14d50feb924de7c0a81843fe617dd94aadec"
            },
            "dist": {
                "type": "zip",
                "url": "https://api.github.com/repos/illuminate/container/zipball/2e2e14d50feb924de7c0a81843fe617dd94aadec",
                "reference": "2e2e14d50feb924de7c0a81843fe617dd94aadec",
                "shasum": ""
            },
            "require": {
                "php": ">=5.3.0"
            },
            "require-dev": {
                "phpunit/phpunit": "4.0.*"
            },
            "type": "library",
            "extra": {
                "branch-alias": {
                    "dev-master": "4.1-dev"
                }
            },
            "autoload": {
                "psr-0": {
                    "Illuminate\\Container": ""
                }
            },
            "notification-url": "https://packagist.org/downloads/",
            "license": [
                "MIT"
            ],
            "authors": [
                {
                    "name": "Taylor Otwell",
                    "email": "taylorotwell@gmail.com",
                    "homepage": "https://github.com/taylorotwell",
                    "role": "Developer"
                }
            ],
            "time": "2014-03-07 14:45:01"
        },
        {
            "name": "illuminate/database",
            "version": "4.1.x-dev",
            "target-dir": "Illuminate/Database",
            "source": {
                "type": "git",
                "url": "https://github.com/illuminate/database.git",
                "reference": "91c6195a8b599fb2c5614da2abb2a0b19c887e36"
            },
            "dist": {
                "type": "zip",
                "url": "https://api.github.com/repos/illuminate/database/zipball/91c6195a8b599fb2c5614da2abb2a0b19c887e36",
                "reference": "91c6195a8b599fb2c5614da2abb2a0b19c887e36",
                "shasum": ""
            },
            "require": {
                "illuminate/container": "4.1.*",
                "illuminate/events": "4.1.*",
                "illuminate/support": "4.1.*",
                "nesbot/carbon": "1.*",
                "php": ">=5.3.0"
            },
            "require-dev": {
                "illuminate/cache": "4.1.*",
                "illuminate/console": "4.1.*",
                "illuminate/filesystem": "4.1.*",
                "illuminate/pagination": "4.1.*",
                "illuminate/support": "4.1.*",
                "mockery/mockery": "0.9.*",
                "phpunit/phpunit": "4.0.*"
            },
            "type": "library",
            "extra": {
                "branch-alias": {
                    "dev-master": "4.1-dev"
                }
            },
            "autoload": {
                "psr-0": {
                    "Illuminate\\Database": ""
                }
            },
            "notification-url": "https://packagist.org/downloads/",
            "license": [
                "MIT"
            ],
            "authors": [
                {
                    "name": "Taylor Otwell",
                    "email": "taylorotwell@gmail.com",
                    "homepage": "https://github.com/taylorotwell",
                    "role": "Developer"
                }
            ],
            "keywords": [
                "database",
                "laravel",
                "orm",
                "sql"
            ],
            "time": "2014-03-11 03:28:34"
        },
        {
            "name": "illuminate/events",
            "version": "4.1.x-dev",
            "target-dir": "Illuminate/Events",
            "source": {
                "type": "git",
                "url": "https://github.com/illuminate/events.git",
                "reference": "e7ab5a682832c1e8c76b724158b1524353d6cfd1"
            },
            "dist": {
                "type": "zip",
                "url": "https://api.github.com/repos/illuminate/events/zipball/e7ab5a682832c1e8c76b724158b1524353d6cfd1",
                "reference": "e7ab5a682832c1e8c76b724158b1524353d6cfd1",
                "shasum": ""
            },
            "require": {
                "illuminate/container": "4.1.*",
                "illuminate/support": "4.1.*",
                "php": ">=5.3.0"
            },
            "require-dev": {
                "mockery/mockery": "0.9.*",
                "phpunit/phpunit": "4.0.*"
            },
            "type": "library",
            "extra": {
                "branch-alias": {
                    "dev-master": "4.1-dev"
                }
            },
            "autoload": {
                "psr-0": {
                    "Illuminate\\Events": ""
                }
            },
            "notification-url": "https://packagist.org/downloads/",
            "license": [
                "MIT"
            ],
            "authors": [
                {
                    "name": "Taylor Otwell",
                    "email": "taylorotwell@gmail.com",
                    "homepage": "https://github.com/taylorotwell",
                    "role": "Developer"
                }
            ],
            "time": "2014-03-04 22:56:43"
        },
        {
            "name": "illuminate/support",
            "version": "4.1.x-dev",
            "target-dir": "Illuminate/Support",
            "source": {
                "type": "git",
                "url": "https://github.com/illuminate/support.git",
                "reference": "850a680bb97672fe228713e17df451dc5043673d"
            },
            "dist": {
                "type": "zip",
                "url": "https://api.github.com/repos/illuminate/support/zipball/850a680bb97672fe228713e17df451dc5043673d",
                "reference": "850a680bb97672fe228713e17df451dc5043673d",
                "shasum": ""
            },
            "require": {
                "php": ">=5.3.0"
            },
            "require-dev": {
                "jeremeamia/superclosure": "1.0.*",
                "mockery/mockery": "0.9.*",
                "patchwork/utf8": "1.1.*",
                "phpunit/phpunit": "4.0.*"
            },
            "type": "library",
            "extra": {
                "branch-alias": {
                    "dev-master": "4.1-dev"
                }
            },
            "autoload": {
                "psr-0": {
                    "Illuminate\\Support": ""
                },
                "files": [
                    "Illuminate/Support/helpers.php"
                ]
            },
            "notification-url": "https://packagist.org/downloads/",
            "license": [
                "MIT"
            ],
            "authors": [
                {
                    "name": "Taylor Otwell",
                    "email": "taylorotwell@gmail.com",
                    "homepage": "https://github.com/taylorotwell",
                    "role": "Developer"
                }
            ],
            "time": "2014-03-07 14:45:01"
        },
        {
            "name": "michelf/php-markdown",
            "version": "dev-lib",
            "source": {
                "type": "git",
                "url": "https://github.com/michelf/php-markdown.git",
                "reference": "6f952ee180e9bd345f3dd6005aa11e0f5dcbd1b8"
            },
            "dist": {
                "type": "zip",
                "url": "https://api.github.com/repos/michelf/php-markdown/zipball/6f952ee180e9bd345f3dd6005aa11e0f5dcbd1b8",
                "reference": "6f952ee180e9bd345f3dd6005aa11e0f5dcbd1b8",
                "shasum": ""
            },
            "require": {
                "php": ">=5.3.0"
            },
            "type": "library",
            "extra": {
                "branch-alias": {
                    "dev-lib": "1.4.x-dev"
                }
            },
            "autoload": {
                "psr-0": {
                    "Michelf": ""
                }
            },
            "notification-url": "https://packagist.org/downloads/",
            "license": [
                "BSD-3-Clause"
            ],
            "authors": [
                {
                    "name": "Michel Fortin",
                    "email": "michel.fortin@michelf.ca",
                    "homepage": "http://michelf.ca/",
                    "role": "Developer"
                },
                {
                    "name": "John Gruber",
                    "homepage": "http://daringfireball.net/"
                }
            ],
            "description": "PHP Markdown",
            "homepage": "http://michelf.ca/projects/php-markdown/",
            "keywords": [
                "markdown"
            ],
            "time": "2013-11-29 21:49:31"
        },
        {
            "name": "nesbot/carbon",
            "version": "1.8.0",
            "source": {
                "type": "git",
                "url": "https://github.com/briannesbitt/Carbon.git",
                "reference": "21c4cb4301969c7d85aee8a62eefdfa881413af0"
            },
            "dist": {
                "type": "zip",
                "url": "https://api.github.com/repos/briannesbitt/Carbon/zipball/21c4cb4301969c7d85aee8a62eefdfa881413af0",
                "reference": "21c4cb4301969c7d85aee8a62eefdfa881413af0",
                "shasum": ""
            },
            "require": {
                "php": ">=5.3.0"
            },
            "require-dev": {
                "phpunit/phpunit": "3.7.*"
            },
            "type": "library",
            "autoload": {
                "psr-0": {
                    "Carbon": "src"
                }
            },
            "notification-url": "https://packagist.org/downloads/",
            "license": [
                "MIT"
            ],
            "authors": [
                {
                    "name": "Brian Nesbitt",
                    "email": "brian@nesbot.com",
                    "homepage": "http://nesbot.com"
                }
            ],
            "description": "A simple API extension for DateTime.",
            "homepage": "https://github.com/briannesbitt/Carbon",
            "keywords": [
                "date",
                "datetime",
                "time"
            ],
            "time": "2014-01-07 05:10:44"
        },
        {
            "name": "pimple/pimple",
            "version": "dev-master",
            "source": {
                "type": "git",
                "url": "https://github.com/fabpot/Pimple.git",
                "reference": "a9e94d9fd6cb9e8f097551a25ffec73ff2480a24"
            },
            "dist": {
                "type": "zip",
                "url": "https://api.github.com/repos/fabpot/Pimple/zipball/a9e94d9fd6cb9e8f097551a25ffec73ff2480a24",
                "reference": "a9e94d9fd6cb9e8f097551a25ffec73ff2480a24",
                "shasum": ""
            },
            "require": {
                "php": ">=5.3.0"
            },
            "type": "library",
            "extra": {
                "branch-alias": {
                    "dev-master": "2.0.x-dev"
                }
            },
            "autoload": {
                "psr-0": {
                    "Pimple": "lib/"
                }
            },
            "notification-url": "https://packagist.org/downloads/",
            "license": [
                "MIT"
            ],
            "authors": [
                {
                    "name": "Fabien Potencier",
                    "email": "fabien@symfony.com",
                    "homepage": "http://fabien.potencier.org",
                    "role": "Lead Developer"
                }
            ],
            "description": "Pimple is a simple Dependency Injection Container for PHP 5.3",
            "homepage": "http://pimple.sensiolabs.org",
            "keywords": [
                "container",
                "dependency injection"
            ],
            "time": "2014-03-06 16:54:55"
        },
        {
            "name": "slender/asset-exposer",
            "version": "0.1.0",
            "source": {
                "type": "git",
                "url": "https://github.com/alanpich/slender-asset-exposer.git",
                "reference": "22e46ce8397180d369d61eba5a09f738d63f4ff6"
            },
            "dist": {
                "type": "zip",
                "url": "https://api.github.com/repos/alanpich/slender-asset-exposer/zipball/22e46ce8397180d369d61eba5a09f738d63f4ff6",
                "reference": "22e46ce8397180d369d61eba5a09f738d63f4ff6",
                "shasum": ""
            },
            "require-dev": {
                "slender/slender": "dev-develop"
            },
            "type": "library",
            "autoload": {
                "psr-4": {
                    "Slender\\Module\\AssetExposer\\": "src/"
                }
            },
            "notification-url": "https://packagist.org/downloads/",
            "license": [
                "MIT"
            ],
            "authors": [
                {
                    "name": "Alan Pich",
                    "email": "alan.pich@gmail.com"
                }
            ],
            "description": "Expose module assets over http",
            "homepage": "http://alanpich.github.io/slender",
            "keywords": [
                "assets",
                "expose",
                "slender-module"
            ],
            "time": "2014-03-08 18:54:37"
        },
        {
            "name": "slender/base",
            "version": "dev-master",
            "source": {
                "type": "git",
                "url": "https://github.com/alanpich/slender-base.git",
                "reference": "29fde6d5dbdf193f9b33f409ddef4f64ebbaea7a"
            },
            "dist": {
                "type": "zip",
                "url": "https://api.github.com/repos/alanpich/slender-base/zipball/29fde6d5dbdf193f9b33f409ddef4f64ebbaea7a",
                "reference": "29fde6d5dbdf193f9b33f409ddef4f64ebbaea7a",
                "shasum": ""
            },
            "require": {
                "slender/asset-exposer": "0.1.0",
                "slender/route-manager": "0.0.1",
                "slender/service-manager": "0.0.1",
                "slender/twig": "0.1.2"
            },
            "type": "library",
            "autoload": {
                "psr-4": {
                    "Slender\\Base\\": "src"
                }
            },
            "notification-url": "https://packagist.org/downloads/",
            "license": [
                "MIT"
            ],
            "authors": [
                {
                    "name": "Alan Pich",
                    "email": "alan.pich@gmail.com"
                }
            ],
            "description": "Bundle of Slender modules to set up an app",
            "homepage": "http://alanpich.github.io/slender",
            "keywords": [
                "assets",
                "expose",
                "slender-module"
            ],
            "time": "2014-03-08 22:18:46"
        },
        {
            "name": "slender/route-manager",
            "version": "0.0.1",
            "source": {
                "type": "git",
                "url": "https://github.com/alanpich/slender-route-manager.git",
                "reference": "fc847a644c4e2c0a6e24215a12f0b3ecd0c3f176"
            },
            "dist": {
                "type": "zip",
                "url": "https://api.github.com/repos/alanpich/slender-route-manager/zipball/fc847a644c4e2c0a6e24215a12f0b3ecd0c3f176",
                "reference": "fc847a644c4e2c0a6e24215a12f0b3ecd0c3f176",
                "shasum": ""
            },
            "require-dev": {
                "slender/slender": "dev-develop"
            },
            "type": "library",
            "autoload": {
                "psr-4": {
                    "Slender\\Module\\RouteManager\\": "src/"
                }
            },
            "notification-url": "https://packagist.org/downloads/",
            "license": [
                "MIT"
            ],
            "authors": [
                {
                    "name": "Alan Pich",
                    "email": "alan.pich@gmail.com"
                }
            ],
            "description": "RouteManager module for Slender",
            "homepage": "http://alanpich.github.io/slender",
            "keywords": [
                "route",
                "router",
                "routing",
                "slender-module"
            ],
            "time": "2014-03-08 17:39:26"
        },
        {
            "name": "slender/service-manager",
            "version": "0.0.1",
            "source": {
                "type": "git",
                "url": "https://github.com/alanpich/slender-service-manager.git",
                "reference": "8b04c82bdf681930633c32995b505511f1549511"
            },
            "dist": {
                "type": "zip",
                "url": "https://api.github.com/repos/alanpich/slender-service-manager/zipball/8b04c82bdf681930633c32995b505511f1549511",
                "reference": "8b04c82bdf681930633c32995b505511f1549511",
                "shasum": ""
            },
            "require-dev": {
                "slender/slender": "dev-develop"
            },
            "type": "library",
            "autoload": {
                "psr-4": {
                    "Slender\\Module\\ServiceManager\\": "src/"
                }
            },
            "notification-url": "https://packagist.org/downloads/",
            "license": [
                "MIT"
            ],
            "authors": [
                {
                    "name": "Alan Pich",
                    "email": "alan.pich@gmail.com"
                }
            ],
            "description": "Register DI services in config files",
            "homepage": "http://alanpich.github.io/slender",
            "keywords": [
                "config",
                "dependency injection",
                "service",
                "slender-module"
            ],
            "time": "2014-03-08 17:48:08"
        },
        {
            "name": "slender/slender",
            "version": "dev-develop",
            "source": {
                "type": "git",
                "url": "https://github.com/alanpich/slender.git",
                "reference": "9c8493bd946869d419d060d3c781f3c84733194f"
            },
            "dist": {
                "type": "zip",
                "url": "https://api.github.com/repos/alanpich/slender/zipball/9c8493bd946869d419d060d3c781f3c84733194f",
                "reference": "9c8493bd946869d419d060d3c781f3c84733194f",
                "shasum": ""
            },
            "require": {
                "doctrine/annotations": "*",
                "php": ">=5.4.0",
                "slender/base": "dev-master ",
                "slim/slim": "dev-develop",
                "symfony/class-loader": "2.4.2",
                "symfony/finder": "*",
                "symfony/yaml": "*"
            },
            "require-dev": {
                "alebear/versioncontrol_git": "dev-master",
                "fabpot/php-cs-fixer": "*",
                "knplabs/github-api": "*",
                "michelf/php-markdown": "*",
                "mockery/mockery": "0.9.0",
                "phpmd/phpmd": "*",
                "phpunit/phpunit": "3.7.32",
                "satooshi/php-coveralls": "dev-master",
                "sebastian/phpcpd": "*",
                "squizlabs/php_codesniffer": "dev-master"
            },
            "type": "library",
            "autoload": {
                "psr-4": {
                    "Slender\\Module\\EventManager\\": "core-modules/event-manager/src",
                    "Slender\\": "src/"
                }
            },
            "notification-url": "https://packagist.org/downloads/",
            "license": [
                "MIT"
            ],
            "authors": [
                {
                    "name": "Alan Pich",
                    "email": "alan.pich@gmail.com"
                }
            ],
            "description": "Micro Application Framework",
            "homepage": "http://alanpich.github.io/slender",
            "keywords": [
                "app",
                "framework",
                "slender",
                "slim"
            ],
            "time": "2014-03-08 22:32:03"
        },
        {
            "name": "slender/twig",
            "version": "0.1.2",
            "source": {
                "type": "git",
                "url": "https://github.com/alanpich/slender-twig.git",
                "reference": "5117a72f1b42f332351a42f662ecc1ce4ceacee7"
            },
            "dist": {
                "type": "zip",
                "url": "https://api.github.com/repos/alanpich/slender-twig/zipball/5117a72f1b42f332351a42f662ecc1ce4ceacee7",
                "reference": "5117a72f1b42f332351a42f662ecc1ce4ceacee7",
                "shasum": ""
            },
            "require": {
                "twig/twig": "v1.15.1"
            },
            "type": "library",
            "autoload": {
                "psr-4": {
                    "Slender\\Module\\Twig\\": "src/"
                }
            },
            "notification-url": "https://packagist.org/downloads/",
            "license": [
                "MIT"
            ],
            "authors": [
                {
                    "name": "Alan Pich",
                    "email": "alan.pich@gmail.com"
                }
            ],
            "description": "Integrate twig templating with Slender",
            "homepage": "http://alanpich.github.io/slender",
            "keywords": [
                "slender-module",
                "template",
                "twig"
            ],
            "time": "2014-03-08 21:35:49"
        },
        {
            "name": "slim/slim",
            "version": "dev-develop",
            "source": {
                "type": "git",
                "url": "https://github.com/codeguy/Slim.git",
                "reference": "9d941addaa24d3dca8fc20ca85e72966b865ee76"
            },
            "dist": {
                "type": "zip",
                "url": "https://api.github.com/repos/codeguy/Slim/zipball/635e05cf399b1dbc67b7c451ee5bbb5cf17e4b5e",
                "reference": "9d941addaa24d3dca8fc20ca85e72966b865ee76",
                "shasum": ""
            },
            "require": {
                "php": ">=5.3.0",
                "pimple/pimple": "2.*"
            },
            "require-dev": {
                "mockery/mockery": "dev-master@dev",
                "phpunit/phpunit": "*"
            },
            "suggest": {
                "ext-mcrypt": "Required for HTTP cookie encryption"
            },
            "type": "library",
            "autoload": {
                "psr-0": {
                    "Slim": ".",
                    "Guzzle": "."
                }
            },
            "notification-url": "https://packagist.org/downloads/",
            "license": [
                "MIT"
            ],
            "authors": [
                {
                    "name": "Josh Lockhart",
                    "email": "info@joshlockhart.com",
                    "homepage": "http://www.joshlockhart.com/"
                }
            ],
            "description": "Slim Framework, a PHP micro framework",
            "homepage": "http://github.com/codeguy/Slim",
            "keywords": [
                "microframework",
                "rest",
                "router"
            ],
            "time": "2014-03-08 02:47:16"
        },
        {
            "name": "symfony/class-loader",
            "version": "v2.4.2",
            "target-dir": "Symfony/Component/ClassLoader",
            "source": {
                "type": "git",
                "url": "https://github.com/symfony/ClassLoader.git",
                "reference": "d36352a610b33da398349807d63b8a792310ba7e"
            },
            "dist": {
                "type": "zip",
                "url": "https://api.github.com/repos/symfony/ClassLoader/zipball/d36352a610b33da398349807d63b8a792310ba7e",
                "reference": "d36352a610b33da398349807d63b8a792310ba7e",
                "shasum": ""
            },
            "require": {
                "php": ">=5.3.3"
            },
            "require-dev": {
                "symfony/finder": "~2.0"
            },
            "type": "library",
            "extra": {
                "branch-alias": {
                    "dev-master": "2.4-dev"
                }
            },
            "autoload": {
                "psr-0": {
                    "Symfony\\Component\\ClassLoader\\": ""
                }
            },
            "notification-url": "https://packagist.org/downloads/",
            "license": [
                "MIT"
            ],
            "authors": [
                {
                    "name": "Fabien Potencier",
                    "email": "fabien@symfony.com",
                    "homepage": "http://fabien.potencier.org",
                    "role": "Lead Developer"
                },
                {
                    "name": "Symfony Community",
                    "homepage": "http://symfony.com/contributors"
                }
            ],
            "description": "Symfony ClassLoader Component",
            "homepage": "http://symfony.com",
            "time": "2014-02-11 13:52:09"
        },
        {
            "name": "symfony/finder",
            "version": "dev-master",
            "target-dir": "Symfony/Component/Finder",
            "source": {
                "type": "git",
                "url": "https://github.com/symfony/Finder.git",
                "reference": "d45faef922df8438cce99b5ee226bf06c32d145e"
            },
            "dist": {
                "type": "zip",
                "url": "https://api.github.com/repos/symfony/Finder/zipball/d45faef922df8438cce99b5ee226bf06c32d145e",
                "reference": "d45faef922df8438cce99b5ee226bf06c32d145e",
                "shasum": ""
            },
            "require": {
                "php": ">=5.3.3"
            },
            "type": "library",
            "extra": {
                "branch-alias": {
                    "dev-master": "2.5-dev"
                }
            },
            "autoload": {
                "psr-0": {
                    "Symfony\\Component\\Finder\\": ""
                }
            },
            "notification-url": "https://packagist.org/downloads/",
            "license": [
                "MIT"
            ],
            "authors": [
                {
                    "name": "Fabien Potencier",
                    "email": "fabien@symfony.com",
                    "homepage": "http://fabien.potencier.org",
                    "role": "Lead Developer"
                },
                {
                    "name": "Symfony Community",
                    "homepage": "http://symfony.com/contributors"
                }
            ],
            "description": "Symfony Finder Component",
            "homepage": "http://symfony.com",
            "time": "2014-03-03 12:53:01"
        },
        {
            "name": "symfony/yaml",
            "version": "dev-master",
            "target-dir": "Symfony/Component/Yaml",
            "source": {
                "type": "git",
                "url": "https://github.com/symfony/Yaml.git",
                "reference": "6194137af5f12fbcfc0cb21e269f47542b8beb47"
            },
            "dist": {
                "type": "zip",
                "url": "https://api.github.com/repos/symfony/Yaml/zipball/6194137af5f12fbcfc0cb21e269f47542b8beb47",
                "reference": "6194137af5f12fbcfc0cb21e269f47542b8beb47",
                "shasum": ""
            },
            "require": {
                "php": ">=5.3.3"
            },
            "type": "library",
            "extra": {
                "branch-alias": {
                    "dev-master": "2.5-dev"
                }
            },
            "autoload": {
                "psr-0": {
                    "Symfony\\Component\\Yaml\\": ""
                }
            },
            "notification-url": "https://packagist.org/downloads/",
            "license": [
                "MIT"
            ],
            "authors": [
                {
                    "name": "Fabien Potencier",
                    "email": "fabien@symfony.com",
                    "homepage": "http://fabien.potencier.org",
                    "role": "Lead Developer"
                },
                {
                    "name": "Symfony Community",
                    "homepage": "http://symfony.com/contributors"
                }
            ],
            "description": "Symfony Yaml Component",
            "homepage": "http://symfony.com",
            "time": "2014-03-03 12:53:01"
        },
        {
            "name": "twig/twig",
            "version": "v1.15.1",
            "source": {
                "type": "git",
                "url": "https://github.com/fabpot/Twig.git",
                "reference": "1fb5784662f438d7d96a541e305e28b812e2eeed"
            },
            "dist": {
                "type": "zip",
                "url": "https://api.github.com/repos/fabpot/Twig/zipball/1fb5784662f438d7d96a541e305e28b812e2eeed",
                "reference": "1fb5784662f438d7d96a541e305e28b812e2eeed",
                "shasum": ""
            },
            "require": {
                "php": ">=5.2.4"
            },
            "type": "library",
            "extra": {
                "branch-alias": {
                    "dev-master": "1.15-dev"
                }
            },
            "autoload": {
                "psr-0": {
                    "Twig_": "lib/"
                }
            },
            "notification-url": "https://packagist.org/downloads/",
            "license": [
                "BSD-3-Clause"
            ],
            "authors": [
                {
                    "name": "Fabien Potencier",
                    "email": "fabien@symfony.com",
                    "homepage": "http://fabien.potencier.org",
                    "role": "Lead Developer"
                },
                {
                    "name": "Armin Ronacher",
                    "email": "armin.ronacher@active-4.com",
                    "role": "Project Founder"
                },
                {
                    "name": "Twig Team",
                    "homepage": "https://github.com/fabpot/Twig/graphs/contributors",
                    "role": "Contributors"
                }
            ],
            "description": "Twig, the flexible, fast, and secure template language for PHP",
            "homepage": "http://twig.sensiolabs.org",
            "keywords": [
                "templating"
            ],
            "time": "2014-02-13 10:19:29"
        }
    ],
    "packages-dev": [

    ],
    "aliases": [
        {
            "alias": "3.0.0",
            "alias_normalized": "3.0.0.0",
            "version": "dev-develop",
            "package": "slim/slim"
        }
    ],
    "minimum-stability": "dev",
    "stability-flags": {
        "slender/slender": 20,
        "slim/slim": 20
    },
    "platform": {
        "php": ">=5.3.0"
    },
    "platform-dev": [

    ]
}
